
Microsoft Visual Studio Solution File, Format Version 12.00
# Visual Studio Version 17
VisualStudioVersion = 17.7.34031.279
MinimumVisualStudioVersion = 10.0.40219.1
Project("{9A19103F-16F7-4668-BE54-9A1E7A4F7556}") = "Common", "Common\Common.csproj", "{D4461BDC-0AB6-48E3-902F-2241F49010B3}"
EndProject
Project("{9A19103F-16F7-4668-BE54-9A1E7A4F7556}") = "APIGateway", "APIGateway\APIGateway.csproj", "{4DAB31A5-F58E-487D-A0D8-3277CEFE93B9}"
EndProject
Project("{2150E333-8FDC-42A3-9474-1A3956D46DE8}") = "CommonAPIs", "CommonAPIs", "{3DCBE25B-ACE6-46B8-A4A1-4B4587801425}"
EndProject
Project("{9A19103F-16F7-4668-BE54-9A1E7A4F7556}") = "EncryptDecryptService", "CommonAPIs\EncryptDecryptService\EncryptDecryptService.csproj", "{22385F77-2616-4F13-A2CC-08CAAE389E2A}"
EndProject
Project("{2150E333-8FDC-42A3-9474-1A3956D46DE8}") = "Authentication", "Authentication", "{78F1C542-A19C-4D98-BA99-F88599B6A2F5}"
EndProject
Project("{2150E333-8FDC-42A3-9474-1A3956D46DE8}") = "Authorization", "Authorization", "{09AA02CF-B56E-4C1E-AC04-7D7ECF83A944}"
EndProject
Project("{9A19103F-16F7-4668-BE54-9A1E7A4F7556}") = "AuthenticationService", "Authentication\AuthenticationService\AuthenticationService.csproj", "{22896378-9991-4EBB-BB96-591B7264E1D9}"
EndProject
Project("{9A19103F-16F7-4668-BE54-9A1E7A4F7556}") = "AzureAuth", "Authentication\AzureAuth\AzureAuth.csproj", "{7F9F60E6-AB3D-419C-BAD0-C9DFB18203EE}"
EndProject
Project("{9A19103F-16F7-4668-BE54-9A1E7A4F7556}") = "MenuService", "Authorization\MenuService\MenuService.csproj", "{AC824B7D-93B5-4340-A680-2003023C5E2F}"
EndProject
Project("{9A19103F-16F7-4668-BE54-9A1E7A4F7556}") = "RolesService", "Authorization\RolesService\RolesService.csproj", "{740E6908-8522-4D6F-BED6-179D66232412}"
EndProject
Project("{9A19103F-16F7-4668-BE54-9A1E7A4F7556}") = "JwtAuthenticationManager", "JwtAuthenticationManager\JwtAuthenticationManager.csproj", "{5DC3675A-B13D-4870-8A42-C74344044D23}"
EndProject
Project("{2150E333-8FDC-42A3-9474-1A3956D46DE8}") = "UnifiedAuth", "UnifiedAuth", "{D0A0A46F-3036-4180-A82A-CE652840F38A}"
EndProject
Project("{9A19103F-16F7-4668-BE54-9A1E7A4F7556}") = "CompanyMaster", "UnifiedAuth\CompanyMaster\CompanyMaster.csproj", "{6B3852B3-4C95-47D2-88A9-C6020A60E2E8}"
EndProject
Project("{9A19103F-16F7-4668-BE54-9A1E7A4F7556}") = "BankMaster", "UnifiedAuth\BankMaster\BankMaster.csproj", "{3501F204-385A-4F58-94FB-3C3749C71638}"
EndProject
Project("{9A19103F-16F7-4668-BE54-9A1E7A4F7556}") = "CompanyBankAccount", "UnifiedAuth\CompanyBankAccount\CompanyBankAccount.csproj", "{67EA2EDF-5288-4DB7-A63C-D07ADA659A20}"
EndProject
Project("{9A19103F-16F7-4668-BE54-9A1E7A4F7556}") = "UserMaster", "UnifiedAuth\UserMaster\UserMaster.csproj", "{EFAACB82-9A20-41B5-B766-3CA35A5E6E05}"
EndProject
Project("{9A19103F-16F7-4668-BE54-9A1E7A4F7556}") = "UserLogin", "UnifiedAuth\UserLogin\UserLogin.csproj", "{886ED4B5-FF1E-4C56-9801-8DB034055C29}"
EndProject
Project("{2150E333-8FDC-42A3-9474-1A3956D46DE8}") = "UnifiedRoles", "UnifiedRoles", "{DCE5420C-CE29-4C9B-9031-DD588677283C}"
EndProject
Project("{9A19103F-16F7-4668-BE54-9A1E7A4F7556}") = "MenuMaster", "UnifiedRoles\MenuMaster\MenuMaster.csproj", "{0F060E3A-C2E3-476C-A045-A0E6ED6A5B3B}"
EndProject
Project("{9A19103F-16F7-4668-BE54-9A1E7A4F7556}") = "SubRoles", "UnifiedRoles\SubRoles\SubRoles.csproj", "{5FB51024-30B2-4CBB-945A-FF5D450E3BEE}"
EndProject
Project("{2150E333-8FDC-42A3-9474-1A3956D46DE8}") = "SaniSa", "SaniSa", "{EE5AA59A-CBFB-457E-ABF1-7980411F2023}"
EndProject
Project("{9A19103F-16F7-4668-BE54-9A1E7A4F7556}") = "ValueList", "SaniSa\ValueList\ValueList.csproj", "{2CD62910-F4D1-4047-8737-B8E83CB1A9C8}"
EndProject
Project("{9A19103F-16F7-4668-BE54-9A1E7A4F7556}") = "ValueListItem", "SaniSa\ValueListItem\ValueListItem.csproj", "{76A80EE4-F6FA-42BC-B2EC-38E9E83D72AE}"
EndProject
Project("{9A19103F-16F7-4668-BE54-9A1E7A4F7556}") = "BrandMaster", "SaniSa\BrandMaster\BrandMaster.csproj", "{6A8882B3-F5A8-4A84-A409-0FF5C564BBDB}"
EndProject
Project("{9A19103F-16F7-4668-BE54-9A1E7A4F7556}") = "ItemMaster", "SaniSa\ItemMaster\ItemMaster.csproj", "{CBB60331-1779-4264-AA46-A2BCE003D3B1}"
EndProject
Project("{9A19103F-16F7-4668-BE54-9A1E7A4F7556}") = "ItemPrice", "SaniSa\ItemPrice\ItemPrice.csproj", "{A37B8D80-80B6-4134-A3CE-3259BE2A4EFD}"
EndProject
Project("{9A19103F-16F7-4668-BE54-9A1E7A4F7556}") = "KitMaster", "SaniSa\KitMaster\KitMaster.csproj", "{76C6C344-8AEE-4FB2-8484-E7FA0A0D676C}"
EndProject
Project("{9A19103F-16F7-4668-BE54-9A1E7A4F7556}") = "KitDetail", "SaniSa\KitDetail\KitDetail.csproj", "{FADDC8EA-E7E0-4725-A76D-4F37FC943AF0}"
EndProject
Project("{9A19103F-16F7-4668-BE54-9A1E7A4F7556}") = "ProductCombo", "SaniSa\ProductCombo\ProductCombo.csproj", "{46A20726-6A15-4D2B-870F-268E2ADA6092}"
EndProject
Project("{9A19103F-16F7-4668-BE54-9A1E7A4F7556}") = "PackagingMaster", "SaniSa\PackagingMaster\PackagingMaster.csproj", "{7F1EAA69-7BD0-4933-855B-3C42B20BEB93}"
EndProject
Project("{9A19103F-16F7-4668-BE54-9A1E7A4F7556}") = "ComboDetail", "SaniSa\ComboDetail\ComboDetail.csproj", "{E7FCAE07-A923-475E-94F8-E32C5712CBD7}"
EndProject
Project("{9A19103F-16F7-4668-BE54-9A1E7A4F7556}") = "QuoteDetail", "SaniSa\QuoteDetail\QuoteDetail.csproj", "{F2B0D14B-345B-41C4-97A9-AEB428951DB5}"
EndProject
Project("{9A19103F-16F7-4668-BE54-9A1E7A4F7556}") = "QuotMaster", "SaniSa\QuotMaster\QuotMaster.csproj", "{15E6CEE4-62A3-42FD-8EC5-0E44AACFFC8F}"
EndProject
Project("{9A19103F-16F7-4668-BE54-9A1E7A4F7556}") = "ImageMaster", "SaniSa\ImageMaster\ImageMaster.csproj", "{411B6442-5725-4306-9397-A4E44C627F54}"
EndProject
Project("{9A19103F-16F7-4668-BE54-9A1E7A4F7556}") = "CategoryMaster", "SaniSa\CategoryMaster\CategoryMaster.csproj", "{6F8D7E2D-0E98-4091-942B-E6813AF6E363}"
EndProject
Project("{9A19103F-16F7-4668-BE54-9A1E7A4F7556}") = "CategoryDetail", "SaniSa\CategoryDetail\CategoryDetail.csproj", "{BE6A68E2-AAE3-4964-AB09-29CCFDCB396A}"
EndProject
Project("{9A19103F-16F7-4668-BE54-9A1E7A4F7556}") = "EventMaster", "SaniSa\EventMaster\EventMaster.csproj", "{161E5CBC-959E-4092-9B30-E227A6EEFD1B}"
EndProject
Project("{FAE04EC0-301F-11D3-BF4B-00C04F79EFBC}") = "EventDetail", "SaniSa\EventDetail\EventDetail.csproj", "{FCDA4143-824E-4A55-B7E2-805FA4B387F3}"
EndProject
Global
	GlobalSection(SolutionConfigurationPlatforms) = preSolution
		Debug|Any CPU = Debug|Any CPU
		Release|Any CPU = Release|Any CPU
	EndGlobalSection
	GlobalSection(ProjectConfigurationPlatforms) = postSolution
		{D4461BDC-0AB6-48E3-902F-2241F49010B3}.Debug|Any CPU.ActiveCfg = Debug|Any CPU
		{D4461BDC-0AB6-48E3-902F-2241F49010B3}.Debug|Any CPU.Build.0 = Debug|Any CPU
		{D4461BDC-0AB6-48E3-902F-2241F49010B3}.Release|Any CPU.ActiveCfg = Release|Any CPU
		{D4461BDC-0AB6-48E3-902F-2241F49010B3}.Release|Any CPU.Build.0 = Release|Any CPU
		{4DAB31A5-F58E-487D-A0D8-3277CEFE93B9}.Debug|Any CPU.ActiveCfg = Debug|Any CPU
		{4DAB31A5-F58E-487D-A0D8-3277CEFE93B9}.Debug|Any CPU.Build.0 = Debug|Any CPU
		{4DAB31A5-F58E-487D-A0D8-3277CEFE93B9}.Release|Any CPU.ActiveCfg = Release|Any CPU
		{4DAB31A5-F58E-487D-A0D8-3277CEFE93B9}.Release|Any CPU.Build.0 = Release|Any CPU
		{22385F77-2616-4F13-A2CC-08CAAE389E2A}.Debug|Any CPU.ActiveCfg = Debug|Any CPU
		{22385F77-2616-4F13-A2CC-08CAAE389E2A}.Debug|Any CPU.Build.0 = Debug|Any CPU
		{22385F77-2616-4F13-A2CC-08CAAE389E2A}.Release|Any CPU.ActiveCfg = Release|Any CPU
		{22385F77-2616-4F13-A2CC-08CAAE389E2A}.Release|Any CPU.Build.0 = Release|Any CPU
		{22896378-9991-4EBB-BB96-591B7264E1D9}.Debug|Any CPU.ActiveCfg = Debug|Any CPU
		{22896378-9991-4EBB-BB96-591B7264E1D9}.Debug|Any CPU.Build.0 = Debug|Any CPU
		{22896378-9991-4EBB-BB96-591B7264E1D9}.Release|Any CPU.ActiveCfg = Release|Any CPU
		{22896378-9991-4EBB-BB96-591B7264E1D9}.Release|Any CPU.Build.0 = Release|Any CPU
		{7F9F60E6-AB3D-419C-BAD0-C9DFB18203EE}.Debug|Any CPU.ActiveCfg = Debug|Any CPU
		{7F9F60E6-AB3D-419C-BAD0-C9DFB18203EE}.Debug|Any CPU.Build.0 = Debug|Any CPU
		{7F9F60E6-AB3D-419C-BAD0-C9DFB18203EE}.Release|Any CPU.ActiveCfg = Release|Any CPU
		{7F9F60E6-AB3D-419C-BAD0-C9DFB18203EE}.Release|Any CPU.Build.0 = Release|Any CPU
		{AC824B7D-93B5-4340-A680-2003023C5E2F}.Debug|Any CPU.ActiveCfg = Debug|Any CPU
		{AC824B7D-93B5-4340-A680-2003023C5E2F}.Debug|Any CPU.Build.0 = Debug|Any CPU
		{AC824B7D-93B5-4340-A680-2003023C5E2F}.Release|Any CPU.ActiveCfg = Release|Any CPU
		{AC824B7D-93B5-4340-A680-2003023C5E2F}.Release|Any CPU.Build.0 = Release|Any CPU
		{740E6908-8522-4D6F-BED6-179D66232412}.Debug|Any CPU.ActiveCfg = Debug|Any CPU
		{740E6908-8522-4D6F-BED6-179D66232412}.Debug|Any CPU.Build.0 = Debug|Any CPU
		{740E6908-8522-4D6F-BED6-179D66232412}.Release|Any CPU.ActiveCfg = Release|Any CPU
		{740E6908-8522-4D6F-BED6-179D66232412}.Release|Any CPU.Build.0 = Release|Any CPU
		{5DC3675A-B13D-4870-8A42-C74344044D23}.Debug|Any CPU.ActiveCfg = Debug|Any CPU
		{5DC3675A-B13D-4870-8A42-C74344044D23}.Debug|Any CPU.Build.0 = Debug|Any CPU
		{5DC3675A-B13D-4870-8A42-C74344044D23}.Release|Any CPU.ActiveCfg = Release|Any CPU
		{5DC3675A-B13D-4870-8A42-C74344044D23}.Release|Any CPU.Build.0 = Release|Any CPU
		{6B3852B3-4C95-47D2-88A9-C6020A60E2E8}.Debug|Any CPU.ActiveCfg = Debug|Any CPU
		{6B3852B3-4C95-47D2-88A9-C6020A60E2E8}.Debug|Any CPU.Build.0 = Debug|Any CPU
		{6B3852B3-4C95-47D2-88A9-C6020A60E2E8}.Release|Any CPU.ActiveCfg = Release|Any CPU
		{6B3852B3-4C95-47D2-88A9-C6020A60E2E8}.Release|Any CPU.Build.0 = Release|Any CPU
		{3501F204-385A-4F58-94FB-3C3749C71638}.Debug|Any CPU.ActiveCfg = Debug|Any CPU
		{3501F204-385A-4F58-94FB-3C3749C71638}.Debug|Any CPU.Build.0 = Debug|Any CPU
		{3501F204-385A-4F58-94FB-3C3749C71638}.Release|Any CPU.ActiveCfg = Release|Any CPU
		{3501F204-385A-4F58-94FB-3C3749C71638}.Release|Any CPU.Build.0 = Release|Any CPU
		{67EA2EDF-5288-4DB7-A63C-D07ADA659A20}.Debug|Any CPU.ActiveCfg = Debug|Any CPU
		{67EA2EDF-5288-4DB7-A63C-D07ADA659A20}.Debug|Any CPU.Build.0 = Debug|Any CPU
		{67EA2EDF-5288-4DB7-A63C-D07ADA659A20}.Release|Any CPU.ActiveCfg = Release|Any CPU
		{67EA2EDF-5288-4DB7-A63C-D07ADA659A20}.Release|Any CPU.Build.0 = Release|Any CPU
		{EFAACB82-9A20-41B5-B766-3CA35A5E6E05}.Debug|Any CPU.ActiveCfg = Debug|Any CPU
		{EFAACB82-9A20-41B5-B766-3CA35A5E6E05}.Debug|Any CPU.Build.0 = Debug|Any CPU
		{EFAACB82-9A20-41B5-B766-3CA35A5E6E05}.Release|Any CPU.ActiveCfg = Release|Any CPU
		{EFAACB82-9A20-41B5-B766-3CA35A5E6E05}.Release|Any CPU.Build.0 = Release|Any CPU
		{886ED4B5-FF1E-4C56-9801-8DB034055C29}.Debug|Any CPU.ActiveCfg = Debug|Any CPU
		{886ED4B5-FF1E-4C56-9801-8DB034055C29}.Debug|Any CPU.Build.0 = Debug|Any CPU
		{886ED4B5-FF1E-4C56-9801-8DB034055C29}.Release|Any CPU.ActiveCfg = Release|Any CPU
		{886ED4B5-FF1E-4C56-9801-8DB034055C29}.Release|Any CPU.Build.0 = Release|Any CPU
		{0F060E3A-C2E3-476C-A045-A0E6ED6A5B3B}.Debug|Any CPU.ActiveCfg = Debug|Any CPU
		{0F060E3A-C2E3-476C-A045-A0E6ED6A5B3B}.Debug|Any CPU.Build.0 = Debug|Any CPU
		{0F060E3A-C2E3-476C-A045-A0E6ED6A5B3B}.Release|Any CPU.ActiveCfg = Release|Any CPU
		{0F060E3A-C2E3-476C-A045-A0E6ED6A5B3B}.Release|Any CPU.Build.0 = Release|Any CPU
		{5FB51024-30B2-4CBB-945A-FF5D450E3BEE}.Debug|Any CPU.ActiveCfg = Debug|Any CPU
		{5FB51024-30B2-4CBB-945A-FF5D450E3BEE}.Debug|Any CPU.Build.0 = Debug|Any CPU
		{5FB51024-30B2-4CBB-945A-FF5D450E3BEE}.Release|Any CPU.ActiveCfg = Release|Any CPU
		{5FB51024-30B2-4CBB-945A-FF5D450E3BEE}.Release|Any CPU.Build.0 = Release|Any CPU
		{2CD62910-F4D1-4047-8737-B8E83CB1A9C8}.Debug|Any CPU.ActiveCfg = Debug|Any CPU
		{2CD62910-F4D1-4047-8737-B8E83CB1A9C8}.Debug|Any CPU.Build.0 = Debug|Any CPU
		{2CD62910-F4D1-4047-8737-B8E83CB1A9C8}.Release|Any CPU.ActiveCfg = Release|Any CPU
		{2CD62910-F4D1-4047-8737-B8E83CB1A9C8}.Release|Any CPU.Build.0 = Release|Any CPU
		{76A80EE4-F6FA-42BC-B2EC-38E9E83D72AE}.Debug|Any CPU.ActiveCfg = Debug|Any CPU
		{76A80EE4-F6FA-42BC-B2EC-38E9E83D72AE}.Debug|Any CPU.Build.0 = Debug|Any CPU
		{76A80EE4-F6FA-42BC-B2EC-38E9E83D72AE}.Release|Any CPU.ActiveCfg = Release|Any CPU
		{76A80EE4-F6FA-42BC-B2EC-38E9E83D72AE}.Release|Any CPU.Build.0 = Release|Any CPU
		{6A8882B3-F5A8-4A84-A409-0FF5C564BBDB}.Debug|Any CPU.ActiveCfg = Debug|Any CPU
		{6A8882B3-F5A8-4A84-A409-0FF5C564BBDB}.Debug|Any CPU.Build.0 = Debug|Any CPU
		{6A8882B3-F5A8-4A84-A409-0FF5C564BBDB}.Release|Any CPU.ActiveCfg = Release|Any CPU
		{6A8882B3-F5A8-4A84-A409-0FF5C564BBDB}.Release|Any CPU.Build.0 = Release|Any CPU
		{CBB60331-1779-4264-AA46-A2BCE003D3B1}.Debug|Any CPU.ActiveCfg = Debug|Any CPU
		{CBB60331-1779-4264-AA46-A2BCE003D3B1}.Debug|Any CPU.Build.0 = Debug|Any CPU
		{CBB60331-1779-4264-AA46-A2BCE003D3B1}.Release|Any CPU.ActiveCfg = Release|Any CPU
		{CBB60331-1779-4264-AA46-A2BCE003D3B1}.Release|Any CPU.Build.0 = Release|Any CPU
		{A37B8D80-80B6-4134-A3CE-3259BE2A4EFD}.Debug|Any CPU.ActiveCfg = Debug|Any CPU
		{A37B8D80-80B6-4134-A3CE-3259BE2A4EFD}.Debug|Any CPU.Build.0 = Debug|Any CPU
		{A37B8D80-80B6-4134-A3CE-3259BE2A4EFD}.Release|Any CPU.ActiveCfg = Release|Any CPU
		{A37B8D80-80B6-4134-A3CE-3259BE2A4EFD}.Release|Any CPU.Build.0 = Release|Any CPU
		{76C6C344-8AEE-4FB2-8484-E7FA0A0D676C}.Debug|Any CPU.ActiveCfg = Debug|Any CPU
		{76C6C344-8AEE-4FB2-8484-E7FA0A0D676C}.Debug|Any CPU.Build.0 = Debug|Any CPU
		{76C6C344-8AEE-4FB2-8484-E7FA0A0D676C}.Release|Any CPU.ActiveCfg = Release|Any CPU
		{76C6C344-8AEE-4FB2-8484-E7FA0A0D676C}.Release|Any CPU.Build.0 = Release|Any CPU
		{FADDC8EA-E7E0-4725-A76D-4F37FC943AF0}.Debug|Any CPU.ActiveCfg = Debug|Any CPU
		{FADDC8EA-E7E0-4725-A76D-4F37FC943AF0}.Debug|Any CPU.Build.0 = Debug|Any CPU
		{FADDC8EA-E7E0-4725-A76D-4F37FC943AF0}.Release|Any CPU.ActiveCfg = Release|Any CPU
		{FADDC8EA-E7E0-4725-A76D-4F37FC943AF0}.Release|Any CPU.Build.0 = Release|Any CPU
		{46A20726-6A15-4D2B-870F-268E2ADA6092}.Debug|Any CPU.ActiveCfg = Debug|Any CPU
		{46A20726-6A15-4D2B-870F-268E2ADA6092}.Debug|Any CPU.Build.0 = Debug|Any CPU
		{46A20726-6A15-4D2B-870F-268E2ADA6092}.Release|Any CPU.ActiveCfg = Release|Any CPU
		{46A20726-6A15-4D2B-870F-268E2ADA6092}.Release|Any CPU.Build.0 = Release|Any CPU
		{7F1EAA69-7BD0-4933-855B-3C42B20BEB93}.Debug|Any CPU.ActiveCfg = Debug|Any CPU
		{7F1EAA69-7BD0-4933-855B-3C42B20BEB93}.Debug|Any CPU.Build.0 = Debug|Any CPU
		{7F1EAA69-7BD0-4933-855B-3C42B20BEB93}.Release|Any CPU.ActiveCfg = Release|Any CPU
		{7F1EAA69-7BD0-4933-855B-3C42B20BEB93}.Release|Any CPU.Build.0 = Release|Any CPU
		{E7FCAE07-A923-475E-94F8-E32C5712CBD7}.Debug|Any CPU.ActiveCfg = Debug|Any CPU
		{E7FCAE07-A923-475E-94F8-E32C5712CBD7}.Debug|Any CPU.Build.0 = Debug|Any CPU
		{E7FCAE07-A923-475E-94F8-E32C5712CBD7}.Release|Any CPU.ActiveCfg = Release|Any CPU
		{E7FCAE07-A923-475E-94F8-E32C5712CBD7}.Release|Any CPU.Build.0 = Release|Any CPU
		{F2B0D14B-345B-41C4-97A9-AEB428951DB5}.Debug|Any CPU.ActiveCfg = Debug|Any CPU
		{F2B0D14B-345B-41C4-97A9-AEB428951DB5}.Debug|Any CPU.Build.0 = Debug|Any CPU
		{F2B0D14B-345B-41C4-97A9-AEB428951DB5}.Release|Any CPU.ActiveCfg = Release|Any CPU
		{F2B0D14B-345B-41C4-97A9-AEB428951DB5}.Release|Any CPU.Build.0 = Release|Any CPU
		{15E6CEE4-62A3-42FD-8EC5-0E44AACFFC8F}.Debug|Any CPU.ActiveCfg = Debug|Any CPU
		{15E6CEE4-62A3-42FD-8EC5-0E44AACFFC8F}.Debug|Any CPU.Build.0 = Debug|Any CPU
		{15E6CEE4-62A3-42FD-8EC5-0E44AACFFC8F}.Release|Any CPU.ActiveCfg = Release|Any CPU
		{15E6CEE4-62A3-42FD-8EC5-0E44AACFFC8F}.Release|Any CPU.Build.0 = Release|Any CPU
		{411B6442-5725-4306-9397-A4E44C627F54}.Debug|Any CPU.ActiveCfg = Debug|Any CPU
		{411B6442-5725-4306-9397-A4E44C627F54}.Debug|Any CPU.Build.0 = Debug|Any CPU
		{411B6442-5725-4306-9397-A4E44C627F54}.Release|Any CPU.ActiveCfg = Release|Any CPU
		{411B6442-5725-4306-9397-A4E44C627F54}.Release|Any CPU.Build.0 = Release|Any CPU
		{6F8D7E2D-0E98-4091-942B-E6813AF6E363}.Debug|Any CPU.ActiveCfg = Debug|Any CPU
		{6F8D7E2D-0E98-4091-942B-E6813AF6E363}.Debug|Any CPU.Build.0 = Debug|Any CPU
		{6F8D7E2D-0E98-4091-942B-E6813AF6E363}.Release|Any CPU.ActiveCfg = Release|Any CPU
		{6F8D7E2D-0E98-4091-942B-E6813AF6E363}.Release|Any CPU.Build.0 = Release|Any CPU
		{BE6A68E2-AAE3-4964-AB09-29CCFDCB396A}.Debug|Any CPU.ActiveCfg = Debug|Any CPU
		{BE6A68E2-AAE3-4964-AB09-29CCFDCB396A}.Debug|Any CPU.Build.0 = Debug|Any CPU
		{BE6A68E2-AAE3-4964-AB09-29CCFDCB396A}.Release|Any CPU.ActiveCfg = Release|Any CPU
		{BE6A68E2-AAE3-4964-AB09-29CCFDCB396A}.Release|Any CPU.Build.0 = Release|Any CPU
		{161E5CBC-959E-4092-9B30-E227A6EEFD1B}.Debug|Any CPU.ActiveCfg = Debug|Any CPU
		{161E5CBC-959E-4092-9B30-E227A6EEFD1B}.Debug|Any CPU.Build.0 = Debug|Any CPU
		{161E5CBC-959E-4092-9B30-E227A6EEFD1B}.Release|Any CPU.ActiveCfg = Release|Any CPU
		{161E5CBC-959E-4092-9B30-E227A6EEFD1B}.Release|Any CPU.Build.0 = Release|Any CPU
		{FCDA4143-824E-4A55-B7E2-805FA4B387F3}.Debug|Any CPU.ActiveCfg = Debug|Any CPU
		{FCDA4143-824E-4A55-B7E2-805FA4B387F3}.Debug|Any CPU.Build.0 = Debug|Any CPU
		{FCDA4143-824E-4A55-B7E2-805FA4B387F3}.Release|Any CPU.ActiveCfg = Release|Any CPU
		{FCDA4143-824E-4A55-B7E2-805FA4B387F3}.Release|Any CPU.Build.0 = Release|Any CPU
	EndGlobalSection
	GlobalSection(SolutionProperties) = preSolution
		HideSolutionNode = FALSE
	EndGlobalSection
	GlobalSection(NestedProjects) = preSolution
		{22385F77-2616-4F13-A2CC-08CAAE389E2A} = {3DCBE25B-ACE6-46B8-A4A1-4B4587801425}
		{22896378-9991-4EBB-BB96-591B7264E1D9} = {78F1C542-A19C-4D98-BA99-F88599B6A2F5}
		{7F9F60E6-AB3D-419C-BAD0-C9DFB18203EE} = {78F1C542-A19C-4D98-BA99-F88599B6A2F5}
		{AC824B7D-93B5-4340-A680-2003023C5E2F} = {09AA02CF-B56E-4C1E-AC04-7D7ECF83A944}
		{740E6908-8522-4D6F-BED6-179D66232412} = {09AA02CF-B56E-4C1E-AC04-7D7ECF83A944}
		{6B3852B3-4C95-47D2-88A9-C6020A60E2E8} = {D0A0A46F-3036-4180-A82A-CE652840F38A}
		{3501F204-385A-4F58-94FB-3C3749C71638} = {D0A0A46F-3036-4180-A82A-CE652840F38A}
		{67EA2EDF-5288-4DB7-A63C-D07ADA659A20} = {D0A0A46F-3036-4180-A82A-CE652840F38A}
		{EFAACB82-9A20-41B5-B766-3CA35A5E6E05} = {D0A0A46F-3036-4180-A82A-CE652840F38A}
		{886ED4B5-FF1E-4C56-9801-8DB034055C29} = {D0A0A46F-3036-4180-A82A-CE652840F38A}
		{0F060E3A-C2E3-476C-A045-A0E6ED6A5B3B} = {DCE5420C-CE29-4C9B-9031-DD588677283C}
		{5FB51024-30B2-4CBB-945A-FF5D450E3BEE} = {DCE5420C-CE29-4C9B-9031-DD588677283C}
		{2CD62910-F4D1-4047-8737-B8E83CB1A9C8} = {EE5AA59A-CBFB-457E-ABF1-7980411F2023}
		{76A80EE4-F6FA-42BC-B2EC-38E9E83D72AE} = {EE5AA59A-CBFB-457E-ABF1-7980411F2023}
		{6A8882B3-F5A8-4A84-A409-0FF5C564BBDB} = {EE5AA59A-CBFB-457E-ABF1-7980411F2023}
		{CBB60331-1779-4264-AA46-A2BCE003D3B1} = {EE5AA59A-CBFB-457E-ABF1-7980411F2023}
		{A37B8D80-80B6-4134-A3CE-3259BE2A4EFD} = {EE5AA59A-CBFB-457E-ABF1-7980411F2023}
		{76C6C344-8AEE-4FB2-8484-E7FA0A0D676C} = {EE5AA59A-CBFB-457E-ABF1-7980411F2023}
		{FADDC8EA-E7E0-4725-A76D-4F37FC943AF0} = {EE5AA59A-CBFB-457E-ABF1-7980411F2023}
		{46A20726-6A15-4D2B-870F-268E2ADA6092} = {EE5AA59A-CBFB-457E-ABF1-7980411F2023}
		{7F1EAA69-7BD0-4933-855B-3C42B20BEB93} = {EE5AA59A-CBFB-457E-ABF1-7980411F2023}
		{E7FCAE07-A923-475E-94F8-E32C5712CBD7} = {EE5AA59A-CBFB-457E-ABF1-7980411F2023}
		{F2B0D14B-345B-41C4-97A9-AEB428951DB5} = {EE5AA59A-CBFB-457E-ABF1-7980411F2023}
		{15E6CEE4-62A3-42FD-8EC5-0E44AACFFC8F} = {EE5AA59A-CBFB-457E-ABF1-7980411F2023}
		{411B6442-5725-4306-9397-A4E44C627F54} = {EE5AA59A-CBFB-457E-ABF1-7980411F2023}
		{6F8D7E2D-0E98-4091-942B-E6813AF6E363} = {EE5AA59A-CBFB-457E-ABF1-7980411F2023}
		{161E5CBC-959E-4092-9B30-E227A6EEFD1B} = {EE5AA59A-CBFB-457E-ABF1-7980411F2023}
		{FCDA4143-824E-4A55-B7E2-805FA4B387F3} = {EE5AA59A-CBFB-457E-ABF1-7980411F2023}
	EndGlobalSection
	GlobalSection(ExtensibilityGlobals) = postSolution
		SolutionGuid = {FF67D40F-3657-4C3F-B7B4-99B0FAB2CE3C}
	EndGlobalSection
EndGlobal
